<?xml version="1.0" encoding="utf-8"?>
<Project ToolsVersion="4.0" xmlns="http://schemas.microsoft.com/developer/msbuild/2003">
  <ItemGroup>
    <Filter Include="Dialog">
      <UniqueIdentifier>{93995380-89BD-4b04-88EB-625FBE52EBFB}</UniqueIdentifier>
      <Extensions>h;hpp;hxx;hm;inl;inc;xsd</Extensions>
    </Filter>
    <Filter Include="resources">
      <UniqueIdentifier>{67DA6AB6-F800-4c08-8B7A-83BB121AAD01}</UniqueIdentifier>
      <Extensions>rc;ico;cur;bmp;dlg;rc2;rct;bin;rgs;gif;jpg;jpeg;jpe;resx;tiff;tif;png;wav;mfcribbon-ms</Extensions>
    </Filter>
    <Filter Include="System">
      <UniqueIdentifier>{a386d5cd-0cae-474c-908d-548ac0c78b4a}</UniqueIdentifier>
    </Filter>
  </ItemGroup>
  <ItemGroup>
    <None Include="ReadMe.txt" />
    <None Include="res\MemoryTester.rc2">
      <Filter>resources</Filter>
    </None>
    <None Include="res\MemoryTester.ico">
      <Filter>resources</Filter>
    </None>
  </ItemGroup>
  <ItemGroup>
    <ClInclude Include="MemoryTester.h">
      <Filter>Dialog</Filter>
    </ClInclude>
    <ClInclude Include="MemoryTesterDlg.h">
      <Filter>Dialog</Filter>
    </ClInclude>
    <ClInclude Include="d3dtester.h" />
    <ClInclude Include="stdafx.h">
      <Filter>System</Filter>
    </ClInclude>
    <ClInclude Include="targetver.h">
      <Filter>System</Filter>
    </ClInclude>
    <ClInclude Include="Resource.h">
      <Filter>resources</Filter>
    </ClInclude>
  </ItemGroup>
  <ItemGroup>
    <ClCompile Include="MemoryTester.cpp">
      <Filter>Dialog</Filter>
    </ClCompile>
    <ClCompile Include="MemoryTesterDlg.cpp">
      <Filter>Dialog</Filter>
    </ClCompile>
    <ClCompile Include="d3dtester.cpp" />
    <ClCompile Include="stdafx.cpp">
      <Filter>System</Filter>
    </ClCompile>
  </ItemGroup>
  <ItemGroup>
    <ResourceCompile Include="MemoryTester.rc">
      <Filter>resources</Filter>
    </ResourceCompile>
  </ItemGroup>
</Project>